// !$*UTF8*$!
{
	archiveVersion = 1;
	classes = {
	};
	objectVersion = 46;
	objects = {

/* Begin PBXBuildFile section */
		249E09AC1CB5C60600A33A01 /* AppDelegate.swift in Sources */ = {isa = PBXBuildFile; fileRef = 249E09AB1CB5C60600A33A01 /* AppDelegate.swift */; };
		249E09AE1CB5C60600A33A01 /* Assets.xcassets in Resources */ = {isa = PBXBuildFile; fileRef = 249E09AD1CB5C60600A33A01 /* Assets.xcassets */; };
		249E09B11CB5C60600A33A01 /* MainMenu.xib in Resources */ = {isa = PBXBuildFile; fileRef = 249E09AF1CB5C60600A33A01 /* MainMenu.xib */; };
/* End PBXBuildFile section */

/* Begin PBXFileReference section */
		249E09A81CB5C60600A33A01 /* No Storyboards.app */ = {isa = PBXFileReference; explicitFileType = wrapper.application; includeInIndex = 0; path = "No Storyboards.app"; sourceTree = BUILT_PRODUCTS_DIR; };
		249E09AB1CB5C60600A33A01 /* AppDelegate.swift */ = {isa = PBXFileReference; lastKnownFileType = sourcecode.swift; path = AppDelegate.swift; sourceTree = "<group>"; };
		249E09AD1CB5C60600A33A01 /* Assets.xcassets */ = {isa = PBXFileReference; lastKnownFileType = folder.assetcatalog; path = Assets.xcassets; sourceTree = "<group>"; };
		249E09B01CB5C60600A33A01 /* Base */ = {isa = PBXFileReference; lastKnownFileType = file.xib; name = Base; path = Base.lproj/MainMenu.xib; sourceTree = "<group>"; };
		249E09B21CB5C60600A33A01 /* Info.plist */ = {isa = PBXFileReference; lastKnownFileType = text.plist.xml; path = Info.plist; sourceTree = "<group>"; };
/* End PBXFileReference section */

/* Begin PBXFrameworksBuildPhase section */
		249E09A51CB5C60600A33A01 /* Frameworks */ = {
			isa = PBXFrameworksBuildPhase;
			buildActionMask = 2147483647;
			files = (
			);
			runOnlyForDeploymentPostprocessing = 0;
		};
/* End PBXFrameworksBuildPhase section */

/* Begin PBXGroup section */
		249E099F1CB5C60600A33A01 = {
			isa = PBXGroup;
			children = (
				249E09AA1CB5C60600A33A01 /* No Storyboards */,
				249E09A91CB5C60600A33A01 /* Products */,
			);
			sourceTree = "<group>";
		};
		249E09A91CB5C60600A33A01 /* Products */ = {
			isa = PBXGroup;
			children = (
				249E09A81CB5C60600A33A01 /* No Storyboards.app */,
			);
			name = Products;
			sourceTree = "<group>";
		};
		249E09AA1CB5C60600A33A01 /* No Storyboards */ = {
			isa = PBXGroup;
			children = (
				249E09AB1CB5C60600A33A01 /* AppDelegate.swift */,
				249E09AD1CB5C60600A33A01 /* Assets.xcassets */,
				249E09AF1CB5C60600A33A01 /* MainMenu.xib */,
				249E09B21CB5C60600A33A01 /* Info.plist */,
			);
			path = "No Storyboards";
			sourceTree = "<group>";
		};
/* End PBXGroup section */

/* Begin PBXNativeTarget section */
		249E09A71CB5C60600A33A01 /* No Storyboards */ = {
			isa = PBXNativeTarget;
			buildConfigurationList = 249E09B51CB5C60600A33A01 /* Build configuration list for PBXNativeTarget "No Storyboards" */;
			buildPhases = (
				249E09A41CB5C60600A33A01 /* Sources */,
				249E09A51CB5C60600A33A01 /* Frameworks */,
				249E09A61CB5C60600A33A01 /* Resources */,
			);
			buildRules = (
			);
			dependencies = (
			);
			name = "No Storyboards";
			productName = "No Storyboards";
			productReference = 249E09A81CB5C60600A33A01 /* No Storyboards.app */;
			productType = "com.apple.product-type.application";
		};
/* End PBXNativeTarget section */

/* Begin PBXProject section */
		249E09A01CB5C60600A33A01 /* Project object */ = {
			isa = PBXProject;
			attributes = {
				LastSwiftUpdateCheck = 0730;
				LastUpgradeCheck = 0730;
				ORGANIZATIONNAME = notro;
				TargetAttributes = {
					249E09A71CB5C60600A33A01 = {
						CreatedOnToolsVersion = 7.3;
					};
				};
			};
			buildConfigurationList = 249E09A31CB5C60600A33A01 /* Build configuration list for PBXProject "No Storyboards" */;
			compatibilityVersion = "Xcode 3.2";
			developmentRegion = English;
			hasScannedForEncodings = 0;
			knownRegions = (
				en,
				Base,
			);
			mainGroup = 249E099F1CB5C60600A33A01;
			productRefGroup = 249E09A91CB5C60600A33A01 /* Products */;
			projectDirPath = "";
			projectRoot = "";
			targets = (
				249E09A71CB5C60600A33A01 /* No Storyboards */,
			);
		};
/* End PBXProject section */

/* Begin PBXResourcesBuildPhase section */
		249E09A61CB5C60600A33A01 /* Resources */ = {
			isa = PBXResourcesBuildPhase;
			buildActionMask = 2147483647;
			files = (
				249E09AE1CB5C60600A33A01 /* Assets.xcassets in Resources */,
				249E09B11CB5C60600A33A01 /* MainMenu.xib in Resources */,
			);
			runOnlyForDeploymentPostprocessing = 0;
		};
/* End PBXResourcesBuildPhase section */

/* Begin PBXSourcesBuildPhase section */
		249E09A41CB5C60600A33A01 /* Sources */ = {
			isa = PBXSourcesBuildPhase;
			buildActionMask = 2147483647;
			files = (
				249E09AC1CB5C60600A33A01 /* AppDelegate.swift in Sources */,
			);
			runOnlyForDeploymentPostprocessing = 0;
		};
/* End PBXSourcesBuildPhase section */

/* Begin PBXVariantGroup section */
		249E09AF1CB5C60600A33A01 /* MainMenu.xib */ = {
			isa = PBXVariantGroup;
			children = (
				249E09B01CB5C60600A33A01 /* Base */,
			);
			name = MainMenu.xib;
			sourceTree = "<group>";
		};
/* End PBXVariantGroup section */

/* Begin XCBuildConfiguration section */
		249E09B31CB5C60600A33A01 /* Debug */ = {
			isa = XCBuildConfiguration;
			buildSettings = {
				ALWAYS_SEARCH_USER_PATHS = NO;
				CLANG_ANALYZER_NONNULL = YES;
				CLANG_CXX_LANGUAGE_STANDARD = "gnu++0x";
				CLANG_CXX_LIBRARY = "libc++";
				CLANG_ENABLE_MODULES = YES;
				CLANG_ENABLE_OBJC_ARC = YES;
				CLANG_WARN_BOOL_CONVERSION = YES;
				CLANG_WARN_CONSTANT_CONVERSION = YES;
				CLANG_WARN_DIRECT_OBJC_ISA_USAGE = YES_ERROR;
				CLANG_WARN_EMPTY_BODY = YES;
				CLANG_WARN_ENUM_CONVERSION = YES;
				CLANG_WARN_INT_CONVERSION = YES;
				CLANG_WARN_OBJC_ROOT_CLASS = YES_ERROR;
				CLANG_WARN_UNREACHABLE_CODE = YES;
				CLANG_WARN__DUPLICATE_METHOD_MATCH = YES;
				CODE_SIGN_IDENTITY = "-";
				COPY_PHASE_STRIP = NO;
				DEBUG_INFORMATION_FORMAT = dwarf;
				ENABLE_STRICT_OBJC_MSGSEND = YES;
				ENABLE_TESTABILITY = YES;
				GCC_C_LANGUAGE_STANDARD = gnu99;
				GCC_DYNAMIC_NO_PIC = NO;
				GCC_NO_COMMON_BLOCKS = YES;
				GCC_OPTIMIZATION_LEVEL = 0;
				GCC_PREPROCESSOR_DEFINITIONS = (
					"DEBUG=1",
					"$(inherited)",
				);
				GCC_WARN_64_TO_32_BIT_CONVERSION = YES;
				GCC_WARN_ABOUT_RETURN_TYPE = YES_ERROR;
				GCC_WARN_UNDECLARED_SELECTOR = YES;
				GCC_WARN_UNINITIALIZED_AUTOS = YES_AGGRESSIVE;
				GCC_WARN_UNUSED_FUNCTION = YES;
				GCC_WARN_UNUSED_VARIABLE = YES;
				MACOSX_DEPLOYMENT_TARGET = 10.11;
				MTL_ENABLE_DEBUG_INFO = YES;
				ONLY_ACTIVE_ARCH = YES;
				SDKROOT = macosx;
				SWIFT_OPTIMIZATION_LEVEL = "-Onone";
			};
			name = Debug;
		};
		249E09B41CB5C60600A33A01 /* Release */ = {
			isa = XCBuildConfiguration;
			buildSettings = {
				ALWAYS_SEARCH_USER_PATHS = NO;
				CLANG_ANALYZER_NONNULL = YES;
				CLANG_CXX_LANGUAGE_STANDARD = "gnu++0x";
				CLANG_CXX_LIBRARY = "libc++";
				CLANG_ENABLE_MODULES = YES;
				CLANG_ENABLE_OBJC_ARC = YES;
				CLANG_WARN_BOOL_CONVERSION = YES;
				CLANG_WARN_CONSTANT_CONVERSION = YES;
				CLANG_WARN_DIRECT_OBJC_ISA_USAGE = YES_ERROR;
				CLANG_WARN_EMPTY_BODY = YES;
				CLANG_WARN_ENUM_CONVERSION = YES;
				CLANG_WARN_INT_CONVERSION = YES;
				CLANG_WARN_OBJC_ROOT_CLASS = YES_ERROR;
				CLANG_WARN_UNREACHABLE_CODE = YES;
				CLANG_WARN__DUPLICATE_METHOD_MATCH = YES;
				CODE_SIGN_IDENTITY = "-";
				COPY_PHASE_STRIP = NO;
				DEBUG_INFORMATION_FORMAT = "dwarf-with-dsym";
				ENABLE_NS_ASSERTIONS = NO;
				ENABLE_STRICT_OBJC_MSGSEND = YES;
				GCC_C_LANGUAGE_STANDARD = gnu99;
				GCC_NO_COMMON_BLOCKS = YES;
				GCC_WARN_64_TO_32_BIT_CONVERSION = YES;
				GCC_WARN_ABOUT_RETURN_TYPE = YES_ERROR;
				GCC_WARN_UNDECLARED_SELECTOR = YES;
				GCC_WARN_UNINITIALIZED_AUTOS = YES_AGGRESSIVE;
				GCC_WARN_UNUSED_FUNCTION = YES;
				GCC_WARN_UNUSED_VARIABLE = YES;
				MACOSX_DEPLOYMENT_TARGET = 10.11;
				MTL_ENABLE_DEBUG_INFO = NO;
				SDKROOT = macosx;
			};
			name = Release;
		};
		249E09B61CB5C60600A33A01 /* Debug */ = {
			isa = XCBuildConfiguration;
			buildSettings = {
				ASSETCATALOG_COMPILER_APPICON_NAME = AppIcon;
				COMBINE_HIDPI_IMAGES = YES;
				INFOPLIST_FILE = "No Storyboards/Info.plist";
				LD_RUNPATH_SEARCH_PATHS = "$(inherited) @executable_path/../Frameworks";
				PRODUCT_BUNDLE_IDENTIFIER = "uk.notro.No-Storyboards";
				PRODUCT_NAME = "$(TARGET_NAME)";
			};
			name = Debug;
		};
		249E09B71CB5C60600A33A01 /* Release */ = {
			isa = XCBuildConfiguration;
			buildSettings = {
				ASSETCATALOG_COMPILER_APPICON_NAME = AppIcon;
				COMBINE_HIDPI_IMAGES = YES;
				INFOPLIST_FILE = "No Storyboards/Info.plist";
				LD_RUNPATH_SEARCH_PATHS = "$(inherited) @executable_path/../Frameworks";
				PRODUCT_BUNDLE_IDENTIFIER = "uk.notro.No-Storyboards";
				PRODUCT_NAME = "$(TARGET_NAME)";
			};
			name = Release;
		};
/* End XCBuildConfiguration section */

/* Begin XCConfigurationList section */
		249E09A31CB5C60600A33A01 /* Build configuration list for PBXProject "No Storyboards" */ = {
			isa = XCConfigurationList;
			buildConfigurations = (
				249E09B31CB5C60600A33A01 /* Debug */,
				249E09B41CB5C60600A33A01 /* Release */,
			);
			defaultConfigurationIsVisible = 0;
			defaultConfigurationName = Release;
		};
		249E09B51CB5C60600A33A01 /* Build configuration list for PBXNativeTarget "No Storyboards" */ = {
			isa = XCConfigurationList;
			buildConfigurations = (
				249E09B61CB5C60600A33A01 /* Debug */,
				249E09B71CB5C60600A33A01 /* Release */,
			);
			defaultConfigurationIsVisible = 0;
		};
/* End XCConfigurationList section */
	};
	rootObject = 249E09A01CB5C60600A33A01 /* Project object */;
}
